# This file is automatically @generated by Cargo.
# It is not intended for manual editing.
version = 4

[[package]]
name = "bitflags"
version = "2.13.1"
source = "registry+https://github.com/rust-lang/crates.io-index"
checksum = "b588b76d00fde79687d7646a9b5bdf3cc0f655e0bbd080335a95d7e96f3587da"

[[package]]
name = "bootloader_api"
version = "0.11.17"
source = "registry+https://github.com/rust-lang/crates.io-index"
checksum = "49f4c2ef60a76c1858ef43c30b6b95c2f5ee4d7c4f9bc47409c3a8dc8910adb9"

[[package]]
name = "rustix"
version = "0.1.0"
dependencies = [
 "bootloader_api",
 "uart_16550",
]

[[package]]
name = "uart_16550"
version = "0.6.0"
source = "registry+https://github.com/rust-lang/crates.io-index"
checksum = "22ee77075ecbc5e1c9b1236d03ff013dd77c7bb06da181c5c44f1f39b6cf3ff2"
dependencies = [
 "bitflags",
]
